// !$*UTF8*$!
{
	archiveVersion = 1;
	classes = {
	};
	objectVersion = 46;
	objects = {

/* Begin PBXBuildFile section */
		17883A78ABB5E673829EA98D /* Pods_Saffron_Official.framework in Frameworks */ = {isa = PBXBuildFile; fileRef = 9D45CE52F3589A1ABE5C2530 /* Pods_Saffron_Official.framework */; };
		A01B803F1EDAC3D90092E8A9 /* CategoryCollectionViewCell.swift in Sources */ = {isa = PBXBuildFile; fileRef = A01B803E1EDAC3D90092E8A9 /* CategoryCollectionViewCell.swift */; };
		A031EA561FB9779700D5DCE2 /* GetService.swift in Sources */ = {isa = PBXBuildFile; fileRef = A031EA551FB9779700D5DCE2 /* GetService.swift */; };
		A055380F1EEB14A700C07946 /* CartViewController.swift in Sources */ = {isa = PBXBuildFile; fileRef = A055380E1EEB14A700C07946 /* CartViewController.swift */; };
		A0779D751F1150270090D492 /* FinalCartTableViewCell.swift in Sources */ = {isa = PBXBuildFile; fileRef = A0779D741F1150270090D492 /* FinalCartTableViewCell.swift */; };
		A07D688D1EE5A0B20033103F /* OrderViewController.swift in Sources */ = {isa = PBXBuildFile; fileRef = A07D688C1EE5A0B20033103F /* OrderViewController.swift */; };
		A07D688F1EE5A21F0033103F /* OrderCell.swift in Sources */ = {isa = PBXBuildFile; fileRef = A07D688E1EE5A21F0033103F /* OrderCell.swift */; };
		A07D68921EE5F8350033103F /* fusion.json in Resources */ = {isa = PBXBuildFile; fileRef = A07D68911EE5F8350033103F /* fusion.json */; };
		A07D68941EE600B10033103F /* OfflineClient.swift in Sources */ = {isa = PBXBuildFile; fileRef = A07D68931EE600B10033103F /* OfflineClient.swift */; };
		A07D68961EE606E30033103F /* Food.swift in Sources */ = {isa = PBXBuildFile; fileRef = A07D68951EE606E30033103F /* Food.swift */; };
		A07D68981EE607DC0033103F /* Drink.swift in Sources */ = {isa = PBXBuildFile; fileRef = A07D68971EE607DC0033103F /* Drink.swift */; };
		A07D689A1EE608210033103F /* indian.json in Resources */ = {isa = PBXBuildFile; fileRef = A07D68991EE608210033103F /* indian.json */; };
		A07D689E1EE608F80033103F /* chinese.json in Resources */ = {isa = PBXBuildFile; fileRef = A07D689D1EE608F80033103F /* chinese.json */; };
		A07D68A01EE609000033103F /* desserts.json in Resources */ = {isa = PBXBuildFile; fileRef = A07D689F1EE609000033103F /* desserts.json */; };
		A07D68A21EE6090D0033103F /* beverages.json in Resources */ = {isa = PBXBuildFile; fileRef = A07D68A11EE6090D0033103F /* beverages.json */; };
		A09139FC1ED1998E0056FA9C /* SegueFromLeftToRight.swift in Sources */ = {isa = PBXBuildFile; fileRef = A09139FB1ED1998E0056FA9C /* SegueFromLeftToRight.swift */; };
		A09CED041F2460C200B27EBA /* PhoneViewController.swift in Sources */ = {isa = PBXBuildFile; fileRef = A09CED031F2460C200B27EBA /* PhoneViewController.swift */; };
		A0A89C061E95C1540058EFAB /* AppDelegate.swift in Sources */ = {isa = PBXBuildFile; fileRef = A0A89C051E95C1540058EFAB /* AppDelegate.swift */; };
		A0A89C081E95C1540058EFAB /* ViewController.swift in Sources */ = {isa = PBXBuildFile; fileRef = A0A89C071E95C1540058EFAB /* ViewController.swift */; };
		A0A89C0B1E95C1540058EFAB /* Main.storyboard in Resources */ = {isa = PBXBuildFile; fileRef = A0A89C091E95C1540058EFAB /* Main.storyboard */; };
		A0A89C0D1E95C1540058EFAB /* Assets.xcassets in Resources */ = {isa = PBXBuildFile; fileRef = A0A89C0C1E95C1540058EFAB /* Assets.xcassets */; };
		A0A89C101E95C1540058EFAB /* LaunchScreen.storyboard in Resources */ = {isa = PBXBuildFile; fileRef = A0A89C0E1E95C1540058EFAB /* LaunchScreen.storyboard */; };
		A0A89C181E95C1FA0058EFAB /* MainViewController.swift in Sources */ = {isa = PBXBuildFile; fileRef = A0A89C171E95C1FA0058EFAB /* MainViewController.swift */; };
		A0D19EB51EC78AB700EC5247 /* SegueFromRight.swift in Sources */ = {isa = PBXBuildFile; fileRef = A0D19EB41EC78AB700EC5247 /* SegueFromRight.swift */; };
		A0DDD24C1F20717E00830B2E /* GoogleService-Info.plist in Resources */ = {isa = PBXBuildFile; fileRef = A0DDD24B1F20717E00830B2E /* GoogleService-Info.plist */; };
		A0DDD2501F2076C900830B2E /* User.swift in Sources */ = {isa = PBXBuildFile; fileRef = A0DDD24F1F2076C900830B2E /* User.swift */; };
		A0E7B7D01ED29AF100BCC072 /* CategoriesViewController.swift in Sources */ = {isa = PBXBuildFile; fileRef = A0E7B7CF1ED29AF100BCC072 /* CategoriesViewController.swift */; };
/* End PBXBuildFile section */

/* Begin PBXFileReference section */
		2F629D39F0324AB258A75644 /* Pods-Saffron-Official.release.xcconfig */ = {isa = PBXFileReference; includeInIndex = 1; lastKnownFileType = text.xcconfig; name = "Pods-Saffron-Official.release.xcconfig"; path = "Pods/Target Support Files/Pods-Saffron-Official/Pods-Saffron-Official.release.xcconfig"; sourceTree = "<group>"; };
		5A5965187FFF41233491DE63 /* Pods-Saffron-Official.debug.xcconfig */ = {isa = PBXFileReference; includeInIndex = 1; lastKnownFileType = text.xcconfig; name = "Pods-Saffron-Official.debug.xcconfig"; path = "Pods/Target Support Files/Pods-Saffron-Official/Pods-Saffron-Official.debug.xcconfig"; sourceTree = "<group>"; };
		9D45CE52F3589A1ABE5C2530 /* Pods_Saffron_Official.framework */ = {isa = PBXFileReference; explicitFileType = wrapper.framework; includeInIndex = 0; path = Pods_Saffron_Official.framework; sourceTree = BUILT_PRODUCTS_DIR; };
		A01B803E1EDAC3D90092E8A9 /* CategoryCollectionViewCell.swift */ = {isa = PBXFileReference; fileEncoding = 4; lastKnownFileType = sourcecode.swift; path = CategoryCollectionViewCell.swift; sourceTree = "<group>"; };
		A031EA551FB9779700D5DCE2 /* GetService.swift */ = {isa = PBXFileReference; lastKnownFileType = sourcecode.swift; path = GetService.swift; sourceTree = "<group>"; };
		A055380E1EEB14A700C07946 /* CartViewController.swift */ = {isa = PBXFileReference; fileEncoding = 4; lastKnownFileType = sourcecode.swift; path = CartViewController.swift; sourceTree = "<group>"; };
		A0779D741F1150270090D492 /* FinalCartTableViewCell.swift */ = {isa = PBXFileReference; fileEncoding = 4; lastKnownFileType = sourcecode.swift; path = FinalCartTableViewCell.swift; sourceTree = "<group>"; };
		A07D688C1EE5A0B20033103F /* OrderViewController.swift */ = {isa = PBXFileReference; fileEncoding = 4; lastKnownFileType = sourcecode.swift; path = OrderViewController.swift; sourceTree = "<group>"; };
		A07D688E1EE5A21F0033103F /* OrderCell.swift */ = {isa = PBXFileReference; fileEncoding = 4; lastKnownFileType = sourcecode.swift; path = OrderCell.swift; sourceTree = "<group>"; };
		A07D68911EE5F8350033103F /* fusion.json */ = {isa = PBXFileReference; fileEncoding = 4; lastKnownFileType = text.json; path = fusion.json; sourceTree = "<group>"; };
		A07D68931EE600B10033103F /* OfflineClient.swift */ = {isa = PBXFileReference; fileEncoding = 4; lastKnownFileType = sourcecode.swift; path = OfflineClient.swift; sourceTree = "<group>"; };
		A07D68951EE606E30033103F /* Food.swift */ = {isa = PBXFileReference; fileEncoding = 4; lastKnownFileType = sourcecode.swift; path = Food.swift; sourceTree = "<group>"; };
		A07D68971EE607DC0033103F /* Drink.swift */ = {isa = PBXFileReference; fileEncoding = 4; lastKnownFileType = sourcecode.swift; path = Drink.swift; sourceTree = "<group>"; };
		A07D68991EE608210033103F /* indian.json */ = {isa = PBXFileReference; fileEncoding = 4; lastKnownFileType = text.json; path = indian.json; sourceTree = "<group>"; };
		A07D689D1EE608F80033103F /* chinese.json */ = {isa = PBXFileReference; fileEncoding = 4; lastKnownFileType = text.json; path = chinese.json; sourceTree = "<group>"; };
		A07D689F1EE609000033103F /* desserts.json */ = {isa = PBXFileReference; fileEncoding = 4; lastKnownFileType = text.json; path = desserts.json; sourceTree = "<group>"; };
		A07D68A11EE6090D0033103F /* beverages.json */ = {isa = PBXFileReference; fileEncoding = 4; lastKnownFileType = text.json; path = beverages.json; sourceTree = "<group>"; };
		A09139FB1ED1998E0056FA9C /* SegueFromLeftToRight.swift */ = {isa = PBXFileReference; fileEncoding = 4; lastKnownFileType = sourcecode.swift; path = SegueFromLeftToRight.swift; sourceTree = "<group>"; };
		A09CED031F2460C200B27EBA /* PhoneViewController.swift */ = {isa = PBXFileReference; fileEncoding = 4; lastKnownFileType = sourcecode.swift; path = PhoneViewController.swift; sourceTree = "<group>"; };
		A0A89C021E95C1540058EFAB /* Saffron-Official.app */ = {isa = PBXFileReference; explicitFileType = wrapper.application; includeInIndex = 0; path = "Saffron-Official.app"; sourceTree = BUILT_PRODUCTS_DIR; };
		A0A89C051E95C1540058EFAB /* AppDelegate.swift */ = {isa = PBXFileReference; lastKnownFileType = sourcecode.swift; path = AppDelegate.swift; sourceTree = "<group>"; };
		A0A89C071E95C1540058EFAB /* ViewController.swift */ = {isa = PBXFileReference; lastKnownFileType = sourcecode.swift; path = ViewController.swift; sourceTree = "<group>"; };
		A0A89C0A1E95C1540058EFAB /* Base */ = {isa = PBXFileReference; lastKnownFileType = file.storyboard; name = Base; path = Base.lproj/Main.storyboard; sourceTree = "<group>"; };
		A0A89C0C1E95C1540058EFAB /* Assets.xcassets */ = {isa = PBXFileReference; lastKnownFileType = folder.assetcatalog; path = Assets.xcassets; sourceTree = "<group>"; };
		A0A89C0F1E95C1540058EFAB /* Base */ = {isa = PBXFileReference; lastKnownFileType = file.storyboard; name = Base; path = Base.lproj/LaunchScreen.storyboard; sourceTree = "<group>"; };
		A0A89C111E95C1540058EFAB /* Info.plist */ = {isa = PBXFileReference; lastKnownFileType = text.plist.xml; path = Info.plist; sourceTree = "<group>"; };
		A0A89C171E95C1FA0058EFAB /* MainViewController.swift */ = {isa = PBXFileReference; fileEncoding = 4; lastKnownFileType = sourcecode.swift; path = MainViewController.swift; sourceTree = "<group>"; };
		A0D19EB41EC78AB700EC5247 /* SegueFromRight.swift */ = {isa = PBXFileReference; fileEncoding = 4; lastKnownFileType = sourcecode.swift; path = SegueFromRight.swift; sourceTree = "<group>"; };
		A0DDD24B1F20717E00830B2E /* GoogleService-Info.plist */ = {isa = PBXFileReference; fileEncoding = 4; lastKnownFileType = text.plist.xml; path = "GoogleService-Info.plist"; sourceTree = "<group>"; };
		A0DDD24F1F2076C900830B2E /* User.swift */ = {isa = PBXFileReference; fileEncoding = 4; lastKnownFileType = sourcecode.swift; path = User.swift; sourceTree = "<group>"; };
		A0E7B7CF1ED29AF100BCC072 /* CategoriesViewController.swift */ = {isa = PBXFileReference; fileEncoding = 4; lastKnownFileType = sourcecode.swift; path = CategoriesViewController.swift; sourceTree = "<group>"; };
		A0EE3ACC1F2513B400C5CDAB /* Saffron-Official.entitlements */ = {isa = PBXFileReference; lastKnownFileType = text.plist.entitlements; path = "Saffron-Official.entitlements"; sourceTree = "<group>"; };
/* End PBXFileReference section */

/* Begin PBXFrameworksBuildPhase section */
		A0A89BFF1E95C1540058EFAB /* Frameworks */ = {
			isa = PBXFrameworksBuildPhase;
			buildActionMask = 2147483647;
			files = (
				17883A78ABB5E673829EA98D /* Pods_Saffron_Official.framework in Frameworks */,
			);
			runOnlyForDeploymentPostprocessing = 0;
		};
/* End PBXFrameworksBuildPhase section */

/* Begin PBXGroup section */
		55110B9AB5C4700188FD434A /* Pods */ = {
			isa = PBXGroup;
			children = (
				5A5965187FFF41233491DE63 /* Pods-Saffron-Official.debug.xcconfig */,
				2F629D39F0324AB258A75644 /* Pods-Saffron-Official.release.xcconfig */,
			);
			name = Pods;
			sourceTree = "<group>";
		};
		A055380D1EEB13D300C07946 /* Cart */ = {
			isa = PBXGroup;
			children = (
				A055380E1EEB14A700C07946 /* CartViewController.swift */,
			);
			name = Cart;
			sourceTree = "<group>";
		};
		A0779D761F1150300090D492 /* Cells */ = {
			isa = PBXGroup;
			children = (
				A0779D741F1150270090D492 /* FinalCartTableViewCell.swift */,
			);
			name = Cells;
			sourceTree = "<group>";
		};
		A07D68901EE5A34D0033103F /* Dishes Page */ = {
			isa = PBXGroup;
			children = (
				A07D688C1EE5A0B20033103F /* OrderViewController.swift */,
				A07D688E1EE5A21F0033103F /* OrderCell.swift */,
			);
			name = "Dishes Page";
			sourceTree = "<group>";
		};
		A07D689B1EE6082B0033103F /* JSON Files */ = {
			isa = PBXGroup;
			children = (
				A07D68911EE5F8350033103F /* fusion.json */,
				A07D689D1EE608F80033103F /* chinese.json */,
				A07D68991EE608210033103F /* indian.json */,
				A07D689F1EE609000033103F /* desserts.json */,
				A07D68A11EE6090D0033103F /* beverages.json */,
			);
			name = "JSON Files";
			sourceTree = "<group>";
		};
		A07D689C1EE6084A0033103F /* Models */ = {
			isa = PBXGroup;
			children = (
				A07D68951EE606E30033103F /* Food.swift */,
				A07D68971EE607DC0033103F /* Drink.swift */,
				A0DDD24F1F2076C900830B2E /* User.swift */,
			);
			name = Models;
			sourceTree = "<group>";
		};
		A09430D61F09A62B00FE8D22 /* Services */ = {
			isa = PBXGroup;
			children = (
				A07D68931EE600B10033103F /* OfflineClient.swift */,
				A031EA551FB9779700D5DCE2 /* GetService.swift */,
			);
			name = Services;
			sourceTree = "<group>";
		};
		A09DD6081EE3E7B900A528DA /* Custom UI Files */ = {
			isa = PBXGroup;
			children = (
				A09139FB1ED1998E0056FA9C /* SegueFromLeftToRight.swift */,
				A0D19EB41EC78AB700EC5247 /* SegueFromRight.swift */,
			);
			name = "Custom UI Files";
			sourceTree = "<group>";
		};
		A09DD6091EE3E7E900A528DA /* Welcome Page */ = {
			isa = PBXGroup;
			children = (
				A0A89C071E95C1540058EFAB /* ViewController.swift */,
			);
			name = "Welcome Page";
			sourceTree = "<group>";
		};
		A09DD60A1EE3E81600A528DA /* Main Option Page */ = {
			isa = PBXGroup;
			children = (
				A0A89C171E95C1FA0058EFAB /* MainViewController.swift */,
			);
			name = "Main Option Page";
			sourceTree = "<group>";
		};
		A09DD60B1EE3E82600A528DA /* Categories Page */ = {
			isa = PBXGroup;
			children = (
				A0E7B7CF1ED29AF100BCC072 /* CategoriesViewController.swift */,
				A01B803E1EDAC3D90092E8A9 /* CategoryCollectionViewCell.swift */,
			);
			name = "Categories Page";
			sourceTree = "<group>";
		};
		A0A89BF91E95C1540058EFAB = {
			isa = PBXGroup;
			children = (
				A0A89C041E95C1540058EFAB /* Saffron-Official */,
				A0A89C031E95C1540058EFAB /* Products */,
				55110B9AB5C4700188FD434A /* Pods */,
				FBF3D41A97551DDA2BC28258 /* Frameworks */,
			);
			sourceTree = "<group>";
		};
		A0A89C031E95C1540058EFAB /* Products */ = {
			isa = PBXGroup;
			children = (
				A0A89C021E95C1540058EFAB /* Saffron-Official.app */,
			);
			name = Products;
			sourceTree = "<group>";
		};
		A0A89C041E95C1540058EFAB /* Saffron-Official */ = {
			isa = PBXGroup;
			children = (
				A0EE3ACC1F2513B400C5CDAB /* Saffron-Official.entitlements */,
				A055380D1EEB13D300C07946 /* Cart */,
				A07D689C1EE6084A0033103F /* Models */,
				A07D689B1EE6082B0033103F /* JSON Files */,
				A07D68901EE5A34D0033103F /* Dishes Page */,
				A09DD60B1EE3E82600A528DA /* Categories Page */,
				A09DD60A1EE3E81600A528DA /* Main Option Page */,
				A09DD6091EE3E7E900A528DA /* Welcome Page */,
				A09DD6081EE3E7B900A528DA /* Custom UI Files */,
				A0779D761F1150300090D492 /* Cells */,
				A09430D61F09A62B00FE8D22 /* Services */,
				A0F39E971F24782400D68E05 /* Phone Number Verification */,
				A0A89C051E95C1540058EFAB /* AppDelegate.swift */,
				A0A89C091E95C1540058EFAB /* Main.storyboard */,
				A0A89C0C1E95C1540058EFAB /* Assets.xcassets */,
				A0A89C0E1E95C1540058EFAB /* LaunchScreen.storyboard */,
				A0A89C111E95C1540058EFAB /* Info.plist */,
				A0DDD24B1F20717E00830B2E /* GoogleService-Info.plist */,
			);
			path = "Saffron-Official";
			sourceTree = "<group>";
		};
		A0F39E971F24782400D68E05 /* Phone Number Verification */ = {
			isa = PBXGroup;
			children = (
				A09CED031F2460C200B27EBA /* PhoneViewController.swift */,
			);
			name = "Phone Number Verification";
			sourceTree = "<group>";
		};
		FBF3D41A97551DDA2BC28258 /* Frameworks */ = {
			isa = PBXGroup;
			children = (
				9D45CE52F3589A1ABE5C2530 /* Pods_Saffron_Official.framework */,
			);
			name = Frameworks;
			sourceTree = "<group>";
		};
/* End PBXGroup section */

/* Begin PBXNativeTarget section */
		A0A89C011E95C1540058EFAB /* Saffron-Official */ = {
			isa = PBXNativeTarget;
			buildConfigurationList = A0A89C141E95C1540058EFAB /* Build configuration list for PBXNativeTarget "Saffron-Official" */;
			buildPhases = (
				E788807839EE373A92AD058D /* [CP] Check Pods Manifest.lock */,
				A0A89BFE1E95C1540058EFAB /* Sources */,
				A0A89BFF1E95C1540058EFAB /* Frameworks */,
				A0A89C001E95C1540058EFAB /* Resources */,
				C983DD98587E290F97D39B54 /* [CP] Embed Pods Frameworks */,
				08F7CBD37427B72195E530CE /* [CP] Copy Pods Resources */,
			);
			buildRules = (
			);
			dependencies = (
			);
			name = "Saffron-Official";
			productName = "Saffron-Official";
			productReference = A0A89C021E95C1540058EFAB /* Saffron-Official.app */;
			productType = "com.apple.product-type.application";
		};
/* End PBXNativeTarget section */

/* Begin PBXProject section */
		A0A89BFA1E95C1540058EFAB /* Project object */ = {
			isa = PBXProject;
			attributes = {
				LastSwiftUpdateCheck = 0820;
				LastUpgradeCheck = 0820;
				ORGANIZATIONNAME = "Aarnav Ram";
				TargetAttributes = {
					A0A89C011E95C1540058EFAB = {
						CreatedOnToolsVersion = 8.2.1;
						DevelopmentTeam = MLFV6FC582;
						ProvisioningStyle = Automatic;
						SystemCapabilities = {
							com.apple.BackgroundModes = {
								enabled = 1;
							};
							com.apple.Push = {
								enabled = 1;
							};
						};
					};
				};
			};
			buildConfigurationList = A0A89BFD1E95C1540058EFAB /* Build configuration list for PBXProject "Saffron-Official" */;
			compatibilityVersion = "Xcode 3.2";
			developmentRegion = English;
			hasScannedForEncodings = 0;
			knownRegions = (
				en,
				Base,
			);
			mainGroup = A0A89BF91E95C1540058EFAB;
			productRefGroup = A0A89C031E95C1540058EFAB /* Products */;
			projectDirPath = "";
			projectRoot = "";
			targets = (
				A0A89C011E95C1540058EFAB /* Saffron-Official */,
			);
		};
/* End PBXProject section */

/* Begin PBXResourcesBuildPhase section */
		A0A89C001E95C1540058EFAB /* Resources */ = {
			isa = PBXResourcesBuildPhase;
			buildActionMask = 2147483647;
			files = (
				A07D68A01EE609000033103F /* desserts.json in Resources */,
				A0A89C101E95C1540058EFAB /* LaunchScreen.storyboard in Resources */,
				A0DDD24C1F20717E00830B2E /* GoogleService-Info.plist in Resources */,
				A07D68A21EE6090D0033103F /* beverages.json in Resources */,
				A0A89C0D1E95C1540058EFAB /* Assets.xcassets in Resources */,
				A0A89C0B1E95C1540058EFAB /* Main.storyboard in Resources */,
				A07D689A1EE608210033103F /* indian.json in Resources */,
				A07D68921EE5F8350033103F /* fusion.json in Resources */,
				A07D689E1EE608F80033103F /* chinese.json in Resources */,
			);
			runOnlyForDeploymentPostprocessing = 0;
		};
/* End PBXResourcesBuildPhase section */

/* Begin PBXShellScriptBuildPhase section */
		08F7CBD37427B72195E530CE /* [CP] Copy Pods Resources */ = {
			isa = PBXShellScriptBuildPhase;
			buildActionMask = 2147483647;
			files = (
			);
			inputPaths = (
			);
			name = "[CP] Copy Pods Resources";
			outputPaths = (
			);
			runOnlyForDeploymentPostprocessing = 0;
			shellPath = /bin/sh;
			shellScript = "\"${SRCROOT}/Pods/Target Support Files/Pods-Saffron-Official/Pods-Saffron-Official-resources.sh\"\n";
			showEnvVarsInLog = 0;
		};
		C983DD98587E290F97D39B54 /* [CP] Embed Pods Frameworks */ = {
			isa = PBXShellScriptBuildPhase;
			buildActionMask = 2147483647;
			files = (
			);
			inputPaths = (
			);
			name = "[CP] Embed Pods Frameworks";
			outputPaths = (
			);
			runOnlyForDeploymentPostprocessing = 0;
			shellPath = /bin/sh;
			shellScript = "\"${SRCROOT}/Pods/Target Support Files/Pods-Saffron-Official/Pods-Saffron-Official-frameworks.sh\"\n";
			showEnvVarsInLog = 0;
		};
		E788807839EE373A92AD058D /* [CP] Check Pods Manifest.lock */ = {
			isa = PBXShellScriptBuildPhase;
			buildActionMask = 2147483647;
			files = (
			);
			inputPaths = (
			);
			name = "[CP] Check Pods Manifest.lock";
			outputPaths = (
			);
			runOnlyForDeploymentPostprocessing = 0;
			shellPath = /bin/sh;
			shellScript = "diff \"${PODS_ROOT}/../Podfile.lock\" \"${PODS_ROOT}/Manifest.lock\" > /dev/null\nif [ $? != 0 ] ; then\n    # print error to STDERR\n    echo \"error: The sandbox is not in sync with the Podfile.lock. Run 'pod install' or update your CocoaPods installation.\" >&2\n    exit 1\nfi\n";
			showEnvVarsInLog = 0;
		};
/* End PBXShellScriptBuildPhase section */

/* Begin PBXSourcesBuildPhase section */
		A0A89BFE1E95C1540058EFAB /* Sources */ = {
			isa = PBXSourcesBuildPhase;
			buildActionMask = 2147483647;
			files = (
				A07D68961EE606E30033103F /* Food.swift in Sources */,
				A07D688F1EE5A21F0033103F /* OrderCell.swift in Sources */,
				A07D688D1EE5A0B20033103F /* OrderViewController.swift in Sources */,
				A0A89C181E95C1FA0058EFAB /* MainViewController.swift in Sources */,
				A0779D751F1150270090D492 /* FinalCartTableViewCell.swift in Sources */,
				A09139FC1ED1998E0056FA9C /* SegueFromLeftToRight.swift in Sources */,
				A07D68941EE600B10033103F /* OfflineClient.swift in Sources */,
				A055380F1EEB14A700C07946 /* CartViewController.swift in Sources */,
				A0DDD2501F2076C900830B2E /* User.swift in Sources */,
				A031EA561FB9779700D5DCE2 /* GetService.swift in Sources */,
				A0E7B7D01ED29AF100BCC072 /* CategoriesViewController.swift in Sources */,
				A0A89C081E95C1540058EFAB /* ViewController.swift in Sources */,
				A0D19EB51EC78AB700EC5247 /* SegueFromRight.swift in Sources */,
				A01B803F1EDAC3D90092E8A9 /* CategoryCollectionViewCell.swift in Sources */,
				A09CED041F2460C200B27EBA /* PhoneViewController.swift in Sources */,
				A07D68981EE607DC0033103F /* Drink.swift in Sources */,
				A0A89C061E95C1540058EFAB /* AppDelegate.swift in Sources */,
			);
			runOnlyForDeploymentPostprocessing = 0;
		};
/* End PBXSourcesBuildPhase section */

/* Begin PBXVariantGroup section */
		A0A89C091E95C1540058EFAB /* Main.storyboard */ = {
			isa = PBXVariantGroup;
			children = (
				A0A89C0A1E95C1540058EFAB /* Base */,
			);
			name = Main.storyboard;
			sourceTree = "<group>";
		};
		A0A89C0E1E95C1540058EFAB /* LaunchScreen.storyboard */ = {
			isa = PBXVariantGroup;
			children = (
				A0A89C0F1E95C1540058EFAB /* Base */,
			);
			name = LaunchScreen.storyboard;
			sourceTree = "<group>";
		};
/* End PBXVariantGroup section */

/* Begin XCBuildConfiguration section */
		A0A89C121E95C1540058EFAB /* Debug */ = {
			isa = XCBuildConfiguration;
			buildSettings = {
				ALWAYS_SEARCH_USER_PATHS = NO;
				CLANG_ANALYZER_NONNULL = YES;
				CLANG_CXX_LANGUAGE_STANDARD = "gnu++0x";
				CLANG_CXX_LIBRARY = "libc++";
				CLANG_ENABLE_MODULES = YES;
				CLANG_ENABLE_OBJC_ARC = YES;
				CLANG_WARN_BOOL_CONVERSION = YES;
				CLANG_WARN_CONSTANT_CONVERSION = YES;
				CLANG_WARN_DIRECT_OBJC_ISA_USAGE = YES_ERROR;
				CLANG_WARN_DOCUMENTATION_COMMENTS = YES;
				CLANG_WARN_EMPTY_BODY = YES;
				CLANG_WARN_ENUM_CONVERSION = YES;
				CLANG_WARN_INFINITE_RECURSION = YES;
				CLANG_WARN_INT_CONVERSION = YES;
				CLANG_WARN_OBJC_ROOT_CLASS = YES_ERROR;
				CLANG_WARN_SUSPICIOUS_MOVE = YES;
				CLANG_WARN_UNREACHABLE_CODE = YES;
				CLANG_WARN__DUPLICATE_METHOD_MATCH = YES;
				"CODE_SIGN_IDENTITY[sdk=iphoneos*]" = "iPhone Developer";
				COPY_PHASE_STRIP = NO;
				DEBUG_INFORMATION_FORMAT = dwarf;
				ENABLE_STRICT_OBJC_MSGSEND = YES;
				ENABLE_TESTABILITY = YES;
				GCC_C_LANGUAGE_STANDARD = gnu99;
				GCC_DYNAMIC_NO_PIC = NO;
				GCC_NO_COMMON_BLOCKS = YES;
				GCC_OPTIMIZATION_LEVEL = 0;
				GCC_PREPROCESSOR_DEFINITIONS = (
					"DEBUG=1",
					"$(inherited)",
				);
				GCC_WARN_64_TO_32_BIT_CONVERSION = YES;
				GCC_WARN_ABOUT_RETURN_TYPE = YES_ERROR;
				GCC_WARN_UNDECLARED_SELECTOR = YES;
				GCC_WARN_UNINITIALIZED_AUTOS = YES_AGGRESSIVE;
				GCC_WARN_UNUSED_FUNCTION = YES;
				GCC_WARN_UNUSED_VARIABLE = YES;
				IPHONEOS_DEPLOYMENT_TARGET = 10.2;
				MTL_ENABLE_DEBUG_INFO = YES;
				ONLY_ACTIVE_ARCH = YES;
				SDKROOT = iphoneos;
				SWIFT_ACTIVE_COMPILATION_CONDITIONS = DEBUG;
				SWIFT_OPTIMIZATION_LEVEL = "-Onone";
			};
			name = Debug;
		};
		A0A89C131E95C1540058EFAB /* Release */ = {
			isa = XCBuildConfiguration;
			buildSettings = {
				ALWAYS_SEARCH_USER_PATHS = NO;
				CLANG_ANALYZER_NONNULL = YES;
				CLANG_CXX_LANGUAGE_STANDARD = "gnu++0x";
				CLANG_CXX_LIBRARY = "libc++";
				CLANG_ENABLE_MODULES = YES;
				CLANG_ENABLE_OBJC_ARC = YES;
				CLANG_WARN_BOOL_CONVERSION = YES;
				CLANG_WARN_CONSTANT_CONVERSION = YES;
				CLANG_WARN_DIRECT_OBJC_ISA_USAGE = YES_ERROR;
				CLANG_WARN_DOCUMENTATION_COMMENTS = YES;
				CLANG_WARN_EMPTY_BODY = YES;
				CLANG_WARN_ENUM_CONVERSION = YES;
				CLANG_WARN_INFINITE_RECURSION = YES;
				CLANG_WARN_INT_CONVERSION = YES;
				CLANG_WARN_OBJC_ROOT_CLASS = YES_ERROR;
				CLANG_WARN_SUSPICIOUS_MOVE = YES;
				CLANG_WARN_UNREACHABLE_CODE = YES;
				CLANG_WARN__DUPLICATE_METHOD_MATCH = YES;
				"CODE_SIGN_IDENTITY[sdk=iphoneos*]" = "iPhone Developer";
				COPY_PHASE_STRIP = NO;
				DEBUG_INFORMATION_FORMAT = "dwarf-with-dsym";
				ENABLE_NS_ASSERTIONS = NO;
				ENABLE_STRICT_OBJC_MSGSEND = YES;
				GCC_C_LANGUAGE_STANDARD = gnu99;
				GCC_NO_COMMON_BLOCKS = YES;
				GCC_WARN_64_TO_32_BIT_CONVERSION = YES;
				GCC_WARN_ABOUT_RETURN_TYPE = YES_ERROR;
				GCC_WARN_UNDECLARED_SELECTOR = YES;
				GCC_WARN_UNINITIALIZED_AUTOS = YES_AGGRESSIVE;
				GCC_WARN_UNUSED_FUNCTION = YES;
				GCC_WARN_UNUSED_VARIABLE = YES;
				IPHONEOS_DEPLOYMENT_TARGET = 10.2;
				MTL_ENABLE_DEBUG_INFO = NO;
				SDKROOT = iphoneos;
				SWIFT_OPTIMIZATION_LEVEL = "-Owholemodule";
				VALIDATE_PRODUCT = YES;
			};
			name = Release;
		};
		A0A89C151E95C1540058EFAB /* Debug */ = {
			isa = XCBuildConfiguration;
			baseConfigurationReference = 5A5965187FFF41233491DE63 /* Pods-Saffron-Official.debug.xcconfig */;
			buildSettings = {
				ASSETCATALOG_COMPILER_APPICON_NAME = AppIcon;
				CODE_SIGN_ENTITLEMENTS = "Saffron-Official/Saffron-Official.entitlements";
				DEVELOPMENT_TEAM = MLFV6FC582;
				INFOPLIST_FILE = "Saffron-Official/Info.plist";
				IPHONEOS_DEPLOYMENT_TARGET = 10.0;
				LD_RUNPATH_SEARCH_PATHS = "$(inherited) @executable_path/Frameworks";
				PRODUCT_BUNDLE_IDENTIFIER = com.aarnavram.saffron;
				PRODUCT_NAME = "$(TARGET_NAME)";
				SWIFT_VERSION = 3.0;
			};
			name = Debug;
		};
		A0A89C161E95C1540058EFAB /* Release */ = {
			isa = XCBuildConfiguration;
			baseConfigurationReference = 2F629D39F0324AB258A75644 /* Pods-Saffron-Official.release.xcconfig */;
			buildSettings = {
				ASSETCATALOG_COMPILER_APPICON_NAME = AppIcon;
				CODE_SIGN_ENTITLEMENTS = "Saffron-Official/Saffron-Official.entitlements";
				DEVELOPMENT_TEAM = MLFV6FC582;
				INFOPLIST_FILE = "Saffron-Official/Info.plist";
				IPHONEOS_DEPLOYMENT_TARGET = 10.0;
				LD_RUNPATH_SEARCH_PATHS = "$(inherited) @executable_path/Frameworks";
				PRODUCT_BUNDLE_IDENTIFIER = com.aarnavram.saffron;
				PRODUCT_NAME = "$(TARGET_NAME)";
				SWIFT_VERSION = 3.0;
			};
			name = Release;
		};
/* End XCBuildConfiguration section */

/* Begin XCConfigurationList section */
		A0A89BFD1E95C1540058EFAB /* Build configuration list for PBXProject "Saffron-Official" */ = {
			isa = XCConfigurationList;
			buildConfigurations = (
				A0A89C121E95C1540058EFAB /* Debug */,
				A0A89C131E95C1540058EFAB /* Release */,
			);
			defaultConfigurationIsVisible = 0;
			defaultConfigurationName = Release;
		};
		A0A89C141E95C1540058EFAB /* Build configuration list for PBXNativeTarget "Saffron-Official" */ = {
			isa = XCConfigurationList;
			buildConfigurations = (
				A0A89C151E95C1540058EFAB /* Debug */,
				A0A89C161E95C1540058EFAB /* Release */,
			);
			defaultConfigurationIsVisible = 0;
			defaultConfigurationName = Release;
		};
/* End XCConfigurationList section */
	};
	rootObject = A0A89BFA1E95C1540058EFAB /* Project object */;
}
